
Microsoft Visual Studio Solution File, Format Version 12.00
# Visual Studio Version 17
VisualStudioVersion = 17.8.34408.163
MinimumVisualStudioVersion = 10.0.40219.1
Project("{FAE04EC0-301F-11D3-BF4B-00C04F79EFBC}") = "Test-project", "Test-project\Test-project.csproj", "{D87E3BE1-3F71-4A80-B592-338B4D96EA49}"
EndProject
Global
	GlobalSection(SolutionConfigurationPlatforms) = preSolution
		Debug|Any CPU = Debug|Any CPU
		Release|Any CPU = Release|Any CPU
	EndGlobalSection
	GlobalSection(ProjectConfigurationPlatforms) = postSolution
		{D87E3BE1-3F71-4A80-B592-338B4D96EA49}.Debug|Any CPU.ActiveCfg = Debug|Any CPU
		{D87E3BE1-3F71-4A80-B592-338B4D96EA49}.Debug|Any CPU.Build.0 = Debug|Any CPU
		{D87E3BE1-3F71-4A80-B592-338B4D96EA49}.Release|Any CPU.ActiveCfg = Release|Any CPU
		{D87E3BE1-3F71-4A80-B592-338B4D96EA49}.Release|Any CPU.Build.0 = Release|Any CPU
	EndGlobalSection
	GlobalSection(SolutionProperties) = preSolution
		HideSolutionNode = FALSE
	EndGlobalSection
	GlobalSection(ExtensibilityGlobals) = postSolution
		SolutionGuid = {A2A3484F-AA79-422E-AA16-B9283FA6D518}
	EndGlobalSection
EndGlobal
